
Microsoft Visual Studio Solution File, Format Version 12.00
# Visual Studio 15
VisualStudioVersion = 15.0.27130.2010
MinimumVisualStudioVersion = 10.0.40219.1
Project("{FAE04EC0-301F-11D3-BF4B-00C04F79EFBC}") = "BrakePedal.Memcached", "BrakePedal.Memcached\BrakePedal.Memcached.csproj", "{007657FF-2646-4D03-8E39-403417277FD4}"
EndProject
Project("{FAE04EC0-301F-11D3-BF4B-00C04F79EFBC}") = "BrakePedal.Memcached.Tests", "BrakePedal.Memcached.Tests\BrakePedal.Memcached.Tests.csproj", "{E42A68AF-17EA-4F28-BB4E-C98412D6DC13}"
EndProject
Global
	GlobalSection(SolutionConfigurationPlatforms) = preSolution
		Debug|Any CPU = Debug|Any CPU
		Release|Any CPU = Release|Any CPU
	EndGlobalSection
	GlobalSection(ProjectConfigurationPlatforms) = postSolution
		{007657FF-2646-4D03-8E39-403417277FD4}.Debug|Any CPU.ActiveCfg = Debug|Any CPU
		{007657FF-2646-4D03-8E39-403417277FD4}.Debug|Any CPU.Build.0 = Debug|Any CPU
		{007657FF-2646-4D03-8E39-403417277FD4}.Release|Any CPU.ActiveCfg = Release|Any CPU
		{007657FF-2646-4D03-8E39-403417277FD4}.Release|Any CPU.Build.0 = Release|Any CPU
		{E42A68AF-17EA-4F28-BB4E-C98412D6DC13}.Debug|Any CPU.ActiveCfg = Debug|Any CPU
		{E42A68AF-17EA-4F28-BB4E-C98412D6DC13}.Debug|Any CPU.Build.0 = Debug|Any CPU
		{E42A68AF-17EA-4F28-BB4E-C98412D6DC13}.Release|Any CPU.ActiveCfg = Release|Any CPU
		{E42A68AF-17EA-4F28-BB4E-C98412D6DC13}.Release|Any CPU.Build.0 = Release|Any CPU
	EndGlobalSection
	GlobalSection(SolutionProperties) = preSolution
		HideSolutionNode = FALSE
	EndGlobalSection
	GlobalSection(ExtensibilityGlobals) = postSolution
		SolutionGuid = {ACC60357-E55E-4A05-AFEA-F23C06A7E017}
	EndGlobalSection
EndGlobal
